
Microsoft Visual Studio Solution File, Format Version 12.00
# Visual Studio Version 17
VisualStudioVersion = 17.7.34031.279
MinimumVisualStudioVersion = 10.0.40219.1
Project("{9A19103F-16F7-4668-BE54-9A1E7A4F7556}") = "LDCBackendProject.API", "LDC Backend Project\LDCBackendProject.API.csproj", "{7D2D91BF-4D41-4A89-B3B9-738CB9E587BA}"
EndProject
Project("{FAE04EC0-301F-11D3-BF4B-00C04F79EFBC}") = "LDCBackendProject.Core", "DataAccessLayer\LDCBackendProject.Core.csproj", "{D9EEBA70-F903-420B-BA82-41C1CD567892}"
EndProject
Project("{FAE04EC0-301F-11D3-BF4B-00C04F79EFBC}") = "LDCBackendProject.EF", "LDCBackendProject.EF\LDCBackendProject.EF.csproj", "{1C72A7FA-D129-4F4A-B45F-3B481130EA08}"
EndProject
Project("{FAE04EC0-301F-11D3-BF4B-00C04F79EFBC}") = "LDCBackendProject.BLL", "LDCBackendProject.BLL\LDCBackendProject.BLL.csproj", "{C2DAE9D6-ADF9-4578-9C8E-9EF2AD41A0A7}"
EndProject
Global
	GlobalSection(SolutionConfigurationPlatforms) = preSolution
		Debug|Any CPU = Debug|Any CPU
		Release|Any CPU = Release|Any CPU
	EndGlobalSection
	GlobalSection(ProjectConfigurationPlatforms) = postSolution
		{7D2D91BF-4D41-4A89-B3B9-738CB9E587BA}.Debug|Any CPU.ActiveCfg = Debug|Any CPU
		{7D2D91BF-4D41-4A89-B3B9-738CB9E587BA}.Debug|Any CPU.Build.0 = Debug|Any CPU
		{7D2D91BF-4D41-4A89-B3B9-738CB9E587BA}.Release|Any CPU.ActiveCfg = Release|Any CPU
		{7D2D91BF-4D41-4A89-B3B9-738CB9E587BA}.Release|Any CPU.Build.0 = Release|Any CPU
		{D9EEBA70-F903-420B-BA82-41C1CD567892}.Debug|Any CPU.ActiveCfg = Debug|Any CPU
		{D9EEBA70-F903-420B-BA82-41C1CD567892}.Debug|Any CPU.Build.0 = Debug|Any CPU
		{D9EEBA70-F903-420B-BA82-41C1CD567892}.Release|Any CPU.ActiveCfg = Release|Any CPU
		{D9EEBA70-F903-420B-BA82-41C1CD567892}.Release|Any CPU.Build.0 = Release|Any CPU
		{1C72A7FA-D129-4F4A-B45F-3B481130EA08}.Debug|Any CPU.ActiveCfg = Debug|Any CPU
		{1C72A7FA-D129-4F4A-B45F-3B481130EA08}.Debug|Any CPU.Build.0 = Debug|Any CPU
		{1C72A7FA-D129-4F4A-B45F-3B481130EA08}.Release|Any CPU.ActiveCfg = Release|Any CPU
		{1C72A7FA-D129-4F4A-B45F-3B481130EA08}.Release|Any CPU.Build.0 = Release|Any CPU
		{C2DAE9D6-ADF9-4578-9C8E-9EF2AD41A0A7}.Debug|Any CPU.ActiveCfg = Debug|Any CPU
		{C2DAE9D6-ADF9-4578-9C8E-9EF2AD41A0A7}.Debug|Any CPU.Build.0 = Debug|Any CPU
		{C2DAE9D6-ADF9-4578-9C8E-9EF2AD41A0A7}.Release|Any CPU.ActiveCfg = Release|Any CPU
		{C2DAE9D6-ADF9-4578-9C8E-9EF2AD41A0A7}.Release|Any CPU.Build.0 = Release|Any CPU
	EndGlobalSection
	GlobalSection(SolutionProperties) = preSolution
		HideSolutionNode = FALSE
	EndGlobalSection
	GlobalSection(ExtensibilityGlobals) = postSolution
		SolutionGuid = {F0A4C44E-50CD-4AD4-8EAE-5D103AAD7279}
	EndGlobalSection
EndGlobal
